// !$*UTF8*$!
{
	archiveVersion = 1;
	classes = {
	};
	objectVersion = 50;
	objects = {

/* Begin PBXBuildFile section */
		8F5ACEAF272BACA5005D9653 /* AppDelegate.swift in Sources */ = {isa = PBXBuildFile; fileRef = 8F5ACEAE272BACA5005D9653 /* AppDelegate.swift */; };
		8F5ACEB1272BACA5005D9653 /* SceneDelegate.swift in Sources */ = {isa = PBXBuildFile; fileRef = 8F5ACEB0272BACA5005D9653 /* SceneDelegate.swift */; };
		8F5ACEB3272BACA5005D9653 /* ViewController.swift in Sources */ = {isa = PBXBuildFile; fileRef = 8F5ACEB2272BACA5005D9653 /* ViewController.swift */; };
		8F5ACEB6272BACA5005D9653 /* Main.storyboard in Resources */ = {isa = PBXBuildFile; fileRef = 8F5ACEB4272BACA5005D9653 /* Main.storyboard */; };
		8F5ACEB8272BACA6005D9653 /* Assets.xcassets in Resources */ = {isa = PBXBuildFile; fileRef = 8F5ACEB7272BACA6005D9653 /* Assets.xcassets */; };
		8F5ACEBB272BACA6005D9653 /* LaunchScreen.storyboard in Resources */ = {isa = PBXBuildFile; fileRef = 8F5ACEB9272BACA6005D9653 /* LaunchScreen.storyboard */; };
		8F5ACEC6272BACA6005D9653 /* MomentsTests.swift in Sources */ = {isa = PBXBuildFile; fileRef = 8F5ACEC5272BACA6005D9653 /* MomentsTests.swift */; };
		8F5ACED1272BACA6005D9653 /* MomentsUITests.swift in Sources */ = {isa = PBXBuildFile; fileRef = 8F5ACED0272BACA6005D9653 /* MomentsUITests.swift */; };
/* End PBXBuildFile section */

/* Begin PBXContainerItemProxy section */
		8F5ACEC2272BACA6005D9653 /* PBXContainerItemProxy */ = {
			isa = PBXContainerItemProxy;
			containerPortal = 8F5ACEA3272BACA5005D9653 /* Project object */;
			proxyType = 1;
			remoteGlobalIDString = 8F5ACEAA272BACA5005D9653;
			remoteInfo = Moments;
		};
		8F5ACECD272BACA6005D9653 /* PBXContainerItemProxy */ = {
			isa = PBXContainerItemProxy;
			containerPortal = 8F5ACEA3272BACA5005D9653 /* Project object */;
			proxyType = 1;
			remoteGlobalIDString = 8F5ACEAA272BACA5005D9653;
			remoteInfo = Moments;
		};
/* End PBXContainerItemProxy section */

/* Begin PBXFileReference section */
		8F5ACEAB272BACA5005D9653 /* Moments.app */ = {isa = PBXFileReference; explicitFileType = wrapper.application; includeInIndex = 0; path = Moments.app; sourceTree = BUILT_PRODUCTS_DIR; };
		8F5ACEAE272BACA5005D9653 /* AppDelegate.swift */ = {isa = PBXFileReference; lastKnownFileType = sourcecode.swift; path = AppDelegate.swift; sourceTree = "<group>"; };
		8F5ACEB0272BACA5005D9653 /* SceneDelegate.swift */ = {isa = PBXFileReference; lastKnownFileType = sourcecode.swift; path = SceneDelegate.swift; sourceTree = "<group>"; };
		8F5ACEB2272BACA5005D9653 /* ViewController.swift */ = {isa = PBXFileReference; lastKnownFileType = sourcecode.swift; path = ViewController.swift; sourceTree = "<group>"; };
		8F5ACEB5272BACA5005D9653 /* Base */ = {isa = PBXFileReference; lastKnownFileType = file.storyboard; name = Base; path = Base.lproj/Main.storyboard; sourceTree = "<group>"; };
		8F5ACEB7272BACA6005D9653 /* Assets.xcassets */ = {isa = PBXFileReference; lastKnownFileType = folder.assetcatalog; path = Assets.xcassets; sourceTree = "<group>"; };
		8F5ACEBA272BACA6005D9653 /* Base */ = {isa = PBXFileReference; lastKnownFileType = file.storyboard; name = Base; path = Base.lproj/LaunchScreen.storyboard; sourceTree = "<group>"; };
		8F5ACEBC272BACA6005D9653 /* Info.plist */ = {isa = PBXFileReference; lastKnownFileType = text.plist.xml; path = Info.plist; sourceTree = "<group>"; };
		8F5ACEC1272BACA6005D9653 /* MomentsTests.xctest */ = {isa = PBXFileReference; explicitFileType = wrapper.cfbundle; includeInIndex = 0; path = MomentsTests.xctest; sourceTree = BUILT_PRODUCTS_DIR; };
		8F5ACEC5272BACA6005D9653 /* MomentsTests.swift */ = {isa = PBXFileReference; lastKnownFileType = sourcecode.swift; path = MomentsTests.swift; sourceTree = "<group>"; };
		8F5ACEC7272BACA6005D9653 /* Info.plist */ = {isa = PBXFileReference; lastKnownFileType = text.plist.xml; path = Info.plist; sourceTree = "<group>"; };
		8F5ACECC272BACA6005D9653 /* MomentsUITests.xctest */ = {isa = PBXFileReference; explicitFileType = wrapper.cfbundle; includeInIndex = 0; path = MomentsUITests.xctest; sourceTree = BUILT_PRODUCTS_DIR; };
		8F5ACED0272BACA6005D9653 /* MomentsUITests.swift */ = {isa = PBXFileReference; lastKnownFileType = sourcecode.swift; path = MomentsUITests.swift; sourceTree = "<group>"; };
		8F5ACED2272BACA6005D9653 /* Info.plist */ = {isa = PBXFileReference; lastKnownFileType = text.plist.xml; path = Info.plist; sourceTree = "<group>"; };
		8F5ACEE7272BC404005D9653 /* BaseConfigurations.xcconfig */ = {isa = PBXFileReference; lastKnownFileType = text.xcconfig; path = BaseConfigurations.xcconfig; sourceTree = "<group>"; };
		8F5ACEE8272BC414005D9653 /* CompilerAndLanguage.xcconfig */ = {isa = PBXFileReference; lastKnownFileType = text.xcconfig; path = CompilerAndLanguage.xcconfig; sourceTree = "<group>"; };
		8F5ACEE9272BC427005D9653 /* SDKAndDeviceSupport.xcconfig */ = {isa = PBXFileReference; lastKnownFileType = text.xcconfig; path = SDKAndDeviceSupport.xcconfig; sourceTree = "<group>"; };
		8F5ACEEA272BC470005D9653 /* BaseProject.xcconfig */ = {isa = PBXFileReference; lastKnownFileType = text.xcconfig; path = BaseProject.xcconfig; sourceTree = "<group>"; };
		8F5ACEEB272BC47D005D9653 /* DebugProject.xcconfig */ = {isa = PBXFileReference; lastKnownFileType = text.xcconfig; path = DebugProject.xcconfig; sourceTree = "<group>"; };
		8F5ACEEC272BC48C005D9653 /* InternalProject.xcconfig */ = {isa = PBXFileReference; lastKnownFileType = text.xcconfig; path = InternalProject.xcconfig; sourceTree = "<group>"; };
		8F5ACEED272BC499005D9653 /* AppStoreProject.xcconfig */ = {isa = PBXFileReference; lastKnownFileType = text.xcconfig; path = AppStoreProject.xcconfig; sourceTree = "<group>"; };
		8F5ACEEE272BC503005D9653 /* BaseTarget.xcconfig */ = {isa = PBXFileReference; lastKnownFileType = text.xcconfig; path = BaseTarget.xcconfig; sourceTree = "<group>"; };
		8F5ACEEF272BC512005D9653 /* DebugTarget.xcconfig */ = {isa = PBXFileReference; lastKnownFileType = text.xcconfig; path = DebugTarget.xcconfig; sourceTree = "<group>"; };
		8F5ACEF0272BC51F005D9653 /* InternalTarget.xcconfig */ = {isa = PBXFileReference; lastKnownFileType = text.xcconfig; path = InternalTarget.xcconfig; sourceTree = "<group>"; };
		8F5ACEF1272BC52B005D9653 /* AppStoreTarget.xcconfig */ = {isa = PBXFileReference; lastKnownFileType = text.xcconfig; path = AppStoreTarget.xcconfig; sourceTree = "<group>"; };
/* End PBXFileReference section */

/* Begin PBXFrameworksBuildPhase section */
		8F5ACEA8272BACA5005D9653 /* Frameworks */ = {
			isa = PBXFrameworksBuildPhase;
			buildActionMask = 2147483647;
			files = (
			);
			runOnlyForDeploymentPostprocessing = 0;
		};
		8F5ACEBE272BACA6005D9653 /* Frameworks */ = {
			isa = PBXFrameworksBuildPhase;
			buildActionMask = 2147483647;
			files = (
			);
			runOnlyForDeploymentPostprocessing = 0;
		};
		8F5ACEC9272BACA6005D9653 /* Frameworks */ = {
			isa = PBXFrameworksBuildPhase;
			buildActionMask = 2147483647;
			files = (
			);
			runOnlyForDeploymentPostprocessing = 0;
		};
/* End PBXFrameworksBuildPhase section */

/* Begin PBXGroup section */
		8F5ACEA2272BACA5005D9653 = {
			isa = PBXGroup;
			children = (
				8F5ACEAD272BACA5005D9653 /* Moments */,
				8F5ACEC4272BACA6005D9653 /* MomentsTests */,
				8F5ACECF272BACA6005D9653 /* MomentsUITests */,
				8F5ACEAC272BACA5005D9653 /* Products */,
			);
			sourceTree = "<group>";
		};
		8F5ACEAC272BACA5005D9653 /* Products */ = {
			isa = PBXGroup;
			children = (
				8F5ACEAB272BACA5005D9653 /* Moments.app */,
				8F5ACEC1272BACA6005D9653 /* MomentsTests.xctest */,
				8F5ACECC272BACA6005D9653 /* MomentsUITests.xctest */,
			);
			name = Products;
			sourceTree = "<group>";
		};
		8F5ACEAD272BACA5005D9653 /* Moments */ = {
			isa = PBXGroup;
			children = (
				8F5ACEE3272BC3C4005D9653 /* Configurations */,
				8F5ACEAE272BACA5005D9653 /* AppDelegate.swift */,
				8F5ACEB0272BACA5005D9653 /* SceneDelegate.swift */,
				8F5ACEB2272BACA5005D9653 /* ViewController.swift */,
				8F5ACEB4272BACA5005D9653 /* Main.storyboard */,
				8F5ACEB7272BACA6005D9653 /* Assets.xcassets */,
				8F5ACEB9272BACA6005D9653 /* LaunchScreen.storyboard */,
				8F5ACEBC272BACA6005D9653 /* Info.plist */,
			);
			path = Moments;
			sourceTree = "<group>";
		};
		8F5ACEC4272BACA6005D9653 /* MomentsTests */ = {
			isa = PBXGroup;
			children = (
				8F5ACEC5272BACA6005D9653 /* MomentsTests.swift */,
				8F5ACEC7272BACA6005D9653 /* Info.plist */,
			);
			path = MomentsTests;
			sourceTree = "<group>";
		};
		8F5ACECF272BACA6005D9653 /* MomentsUITests */ = {
			isa = PBXGroup;
			children = (
				8F5ACED0272BACA6005D9653 /* MomentsUITests.swift */,
				8F5ACED2272BACA6005D9653 /* Info.plist */,
			);
			path = MomentsUITests;
			sourceTree = "<group>";
		};
		8F5ACEE3272BC3C4005D9653 /* Configurations */ = {
			isa = PBXGroup;
			children = (
				8F5ACEE4272BC3CF005D9653 /* Shared */,
				8F5ACEE5272BC3D3005D9653 /* Project */,
				8F5ACEE6272BC3E2005D9653 /* Targets */,
			);
			path = Configurations;
			sourceTree = "<group>";
		};
		8F5ACEE4272BC3CF005D9653 /* Shared */ = {
			isa = PBXGroup;
			children = (
				8F5ACEE7272BC404005D9653 /* BaseConfigurations.xcconfig */,
				8F5ACEE8272BC414005D9653 /* CompilerAndLanguage.xcconfig */,
				8F5ACEE9272BC427005D9653 /* SDKAndDeviceSupport.xcconfig */,
			);
			path = Shared;
			sourceTree = "<group>";
		};
		8F5ACEE5272BC3D3005D9653 /* Project */ = {
			isa = PBXGroup;
			children = (
				8F5ACEEA272BC470005D9653 /* BaseProject.xcconfig */,
				8F5ACEEB272BC47D005D9653 /* DebugProject.xcconfig */,
				8F5ACEEC272BC48C005D9653 /* InternalProject.xcconfig */,
				8F5ACEED272BC499005D9653 /* AppStoreProject.xcconfig */,
			);
			path = Project;
			sourceTree = "<group>";
		};
		8F5ACEE6272BC3E2005D9653 /* Targets */ = {
			isa = PBXGroup;
			children = (
				8F5ACEEE272BC503005D9653 /* BaseTarget.xcconfig */,
				8F5ACEEF272BC512005D9653 /* DebugTarget.xcconfig */,
				8F5ACEF0272BC51F005D9653 /* InternalTarget.xcconfig */,
				8F5ACEF1272BC52B005D9653 /* AppStoreTarget.xcconfig */,
			);
			path = Targets;
			sourceTree = "<group>";
		};
/* End PBXGroup section */

/* Begin PBXNativeTarget section */
		8F5ACEAA272BACA5005D9653 /* Moments */ = {
			isa = PBXNativeTarget;
			buildConfigurationList = 8F5ACED5272BACA6005D9653 /* Build configuration list for PBXNativeTarget "Moments" */;
			buildPhases = (
				8F5ACEA7272BACA5005D9653 /* Sources */,
				8F5ACEA8272BACA5005D9653 /* Frameworks */,
				8F5ACEA9272BACA5005D9653 /* Resources */,
			);
			buildRules = (
			);
			dependencies = (
			);
			name = Moments;
			productName = Moments;
			productReference = 8F5ACEAB272BACA5005D9653 /* Moments.app */;
			productType = "com.apple.product-type.application";
		};
		8F5ACEC0272BACA6005D9653 /* MomentsTests */ = {
			isa = PBXNativeTarget;
			buildConfigurationList = 8F5ACED8272BACA6005D9653 /* Build configuration list for PBXNativeTarget "MomentsTests" */;
			buildPhases = (
				8F5ACEBD272BACA6005D9653 /* Sources */,
				8F5ACEBE272BACA6005D9653 /* Frameworks */,
				8F5ACEBF272BACA6005D9653 /* Resources */,
			);
			buildRules = (
			);
			dependencies = (
				8F5ACEC3272BACA6005D9653 /* PBXTargetDependency */,
			);
			name = MomentsTests;
			productName = MomentsTests;
			productReference = 8F5ACEC1272BACA6005D9653 /* MomentsTests.xctest */;
			productType = "com.apple.product-type.bundle.unit-test";
		};
		8F5ACECB272BACA6005D9653 /* MomentsUITests */ = {
			isa = PBXNativeTarget;
			buildConfigurationList = 8F5ACEDB272BACA6005D9653 /* Build configuration list for PBXNativeTarget "MomentsUITests" */;
			buildPhases = (
				8F5ACEC8272BACA6005D9653 /* Sources */,
				8F5ACEC9272BACA6005D9653 /* Frameworks */,
				8F5ACECA272BACA6005D9653 /* Resources */,
			);
			buildRules = (
			);
			dependencies = (
				8F5ACECE272BACA6005D9653 /* PBXTargetDependency */,
			);
			name = MomentsUITests;
			productName = MomentsUITests;
			productReference = 8F5ACECC272BACA6005D9653 /* MomentsUITests.xctest */;
			productType = "com.apple.product-type.bundle.ui-testing";
		};
/* End PBXNativeTarget section */

/* Begin PBXProject section */
		8F5ACEA3272BACA5005D9653 /* Project object */ = {
			isa = PBXProject;
			attributes = {
				LastSwiftUpdateCheck = 1250;
				LastUpgradeCheck = 1250;
				TargetAttributes = {
					8F5ACEAA272BACA5005D9653 = {
						CreatedOnToolsVersion = 12.5.1;
					};
					8F5ACEC0272BACA6005D9653 = {
						CreatedOnToolsVersion = 12.5.1;
						TestTargetID = 8F5ACEAA272BACA5005D9653;
					};
					8F5ACECB272BACA6005D9653 = {
						CreatedOnToolsVersion = 12.5.1;
						TestTargetID = 8F5ACEAA272BACA5005D9653;
					};
				};
			};
			buildConfigurationList = 8F5ACEA6272BACA5005D9653 /* Build configuration list for PBXProject "Moments" */;
			compatibilityVersion = "Xcode 9.3";
			developmentRegion = en;
			hasScannedForEncodings = 0;
			knownRegions = (
				en,
				Base,
			);
			mainGroup = 8F5ACEA2272BACA5005D9653;
			productRefGroup = 8F5ACEAC272BACA5005D9653 /* Products */;
			projectDirPath = "";
			projectRoot = "";
			targets = (
				8F5ACEAA272BACA5005D9653 /* Moments */,
				8F5ACEC0272BACA6005D9653 /* MomentsTests */,
				8F5ACECB272BACA6005D9653 /* MomentsUITests */,
			);
		};
/* End PBXProject section */

/* Begin PBXResourcesBuildPhase section */
		8F5ACEA9272BACA5005D9653 /* Resources */ = {
			isa = PBXResourcesBuildPhase;
			buildActionMask = 2147483647;
			files = (
				8F5ACEBB272BACA6005D9653 /* LaunchScreen.storyboard in Resources */,
				8F5ACEB8272BACA6005D9653 /* Assets.xcassets in Resources */,
				8F5ACEB6272BACA5005D9653 /* Main.storyboard in Resources */,
			);
			runOnlyForDeploymentPostprocessing = 0;
		};
		8F5ACEBF272BACA6005D9653 /* Resources */ = {
			isa = PBXResourcesBuildPhase;
			buildActionMask = 2147483647;
			files = (
			);
			runOnlyForDeploymentPostprocessing = 0;
		};
		8F5ACECA272BACA6005D9653 /* Resources */ = {
			isa = PBXResourcesBuildPhase;
			buildActionMask = 2147483647;
			files = (
			);
			runOnlyForDeploymentPostprocessing = 0;
		};
/* End PBXResourcesBuildPhase section */

/* Begin PBXSourcesBuildPhase section */
		8F5ACEA7272BACA5005D9653 /* Sources */ = {
			isa = PBXSourcesBuildPhase;
			buildActionMask = 2147483647;
			files = (
				8F5ACEB3272BACA5005D9653 /* ViewController.swift in Sources */,
				8F5ACEAF272BACA5005D9653 /* AppDelegate.swift in Sources */,
				8F5ACEB1272BACA5005D9653 /* SceneDelegate.swift in Sources */,
			);
			runOnlyForDeploymentPostprocessing = 0;
		};
		8F5ACEBD272BACA6005D9653 /* Sources */ = {
			isa = PBXSourcesBuildPhase;
			buildActionMask = 2147483647;
			files = (
				8F5ACEC6272BACA6005D9653 /* MomentsTests.swift in Sources */,
			);
			runOnlyForDeploymentPostprocessing = 0;
		};
		8F5ACEC8272BACA6005D9653 /* Sources */ = {
			isa = PBXSourcesBuildPhase;
			buildActionMask = 2147483647;
			files = (
				8F5ACED1272BACA6005D9653 /* MomentsUITests.swift in Sources */,
			);
			runOnlyForDeploymentPostprocessing = 0;
		};
/* End PBXSourcesBuildPhase section */

/* Begin PBXTargetDependency section */
		8F5ACEC3272BACA6005D9653 /* PBXTargetDependency */ = {
			isa = PBXTargetDependency;
			target = 8F5ACEAA272BACA5005D9653 /* Moments */;
			targetProxy = 8F5ACEC2272BACA6005D9653 /* PBXContainerItemProxy */;
		};
		8F5ACECE272BACA6005D9653 /* PBXTargetDependency */ = {
			isa = PBXTargetDependency;
			target = 8F5ACEAA272BACA5005D9653 /* Moments */;
			targetProxy = 8F5ACECD272BACA6005D9653 /* PBXContainerItemProxy */;
		};
/* End PBXTargetDependency section */

/* Begin PBXVariantGroup section */
		8F5ACEB4272BACA5005D9653 /* Main.storyboard */ = {
			isa = PBXVariantGroup;
			children = (
				8F5ACEB5272BACA5005D9653 /* Base */,
			);
			name = Main.storyboard;
			sourceTree = "<group>";
		};
		8F5ACEB9272BACA6005D9653 /* LaunchScreen.storyboard */ = {
			isa = PBXVariantGroup;
			children = (
				8F5ACEBA272BACA6005D9653 /* Base */,
			);
			name = LaunchScreen.storyboard;
			sourceTree = "<group>";
		};
/* End PBXVariantGroup section */

/* Begin XCBuildConfiguration section */
		8F5ACED3272BACA6005D9653 /* Debug */ = {
			isa = XCBuildConfiguration;
			baseConfigurationReference = 8F5ACEEB272BC47D005D9653 /* DebugProject.xcconfig */;
			buildSettings = {
				ALWAYS_SEARCH_USER_PATHS = NO;
				CLANG_ANALYZER_NONNULL = YES;
				CLANG_ANALYZER_NUMBER_OBJECT_CONVERSION = YES_AGGRESSIVE;
				CLANG_CXX_LANGUAGE_STANDARD = "gnu++14";
				CLANG_CXX_LIBRARY = "libc++";
				CLANG_ENABLE_MODULES = YES;
				CLANG_ENABLE_OBJC_ARC = YES;
				CLANG_ENABLE_OBJC_WEAK = YES;
				CLANG_WARN_BLOCK_CAPTURE_AUTORELEASING = YES;
				CLANG_WARN_BOOL_CONVERSION = YES;
				CLANG_WARN_COMMA = YES;
				CLANG_WARN_CONSTANT_CONVERSION = YES;
				CLANG_WARN_DEPRECATED_OBJC_IMPLEMENTATIONS = YES;
				CLANG_WARN_DIRECT_OBJC_ISA_USAGE = YES_ERROR;
				CLANG_WARN_DOCUMENTATION_COMMENTS = YES;
				CLANG_WARN_EMPTY_BODY = YES;
				CLANG_WARN_ENUM_CONVERSION = YES;
				CLANG_WARN_INFINITE_RECURSION = YES;
				CLANG_WARN_INT_CONVERSION = YES;
				CLANG_WARN_NON_LITERAL_NULL_CONVERSION = YES;
				CLANG_WARN_OBJC_IMPLICIT_RETAIN_SELF = YES;
				CLANG_WARN_OBJC_LITERAL_CONVERSION = YES;
				CLANG_WARN_OBJC_ROOT_CLASS = YES_ERROR;
				CLANG_WARN_QUOTED_INCLUDE_IN_FRAMEWORK_HEADER = YES;
				CLANG_WARN_RANGE_LOOP_ANALYSIS = YES;
				CLANG_WARN_STRICT_PROTOTYPES = YES;
				CLANG_WARN_SUSPICIOUS_MOVE = YES;
				CLANG_WARN_UNGUARDED_AVAILABILITY = YES_AGGRESSIVE;
				CLANG_WARN_UNREACHABLE_CODE = YES;
				CLANG_WARN__DUPLICATE_METHOD_MATCH = YES;
				COPY_PHASE_STRIP = NO;
				DEBUG_INFORMATION_FORMAT = dwarf;
				ENABLE_STRICT_OBJC_MSGSEND = YES;
				ENABLE_TESTABILITY = YES;
				GCC_C_LANGUAGE_STANDARD = gnu11;
				GCC_DYNAMIC_NO_PIC = NO;
				GCC_NO_COMMON_BLOCKS = YES;
				GCC_OPTIMIZATION_LEVEL = 0;
				GCC_PREPROCESSOR_DEFINITIONS = (
					"DEBUG=1",
					"$(inherited)",
				);
				GCC_WARN_64_TO_32_BIT_CONVERSION = YES;
				GCC_WARN_ABOUT_RETURN_TYPE = YES_ERROR;
				GCC_WARN_UNDECLARED_SELECTOR = YES;
				GCC_WARN_UNINITIALIZED_AUTOS = YES_AGGRESSIVE;
				GCC_WARN_UNUSED_FUNCTION = YES;
				GCC_WARN_UNUSED_VARIABLE = YES;
				IPHONEOS_DEPLOYMENT_TARGET = 14.1;
				MTL_ENABLE_DEBUG_INFO = INCLUDE_SOURCE;
				MTL_FAST_MATH = YES;
				ONLY_ACTIVE_ARCH = YES;
				SDKROOT = iphoneos;
				SWIFT_ACTIVE_COMPILATION_CONDITIONS = DEBUG;
				SWIFT_OPTIMIZATION_LEVEL = "-Onone";
			};
			name = Debug;
		};
		8F5ACED4272BACA6005D9653 /* Release */ = {
			isa = XCBuildConfiguration;
			baseConfigurationReference = 8F5ACEED272BC499005D9653 /* AppStoreProject.xcconfig */;
			buildSettings = {
				ALWAYS_SEARCH_USER_PATHS = NO;
				CLANG_ANALYZER_NONNULL = YES;
				CLANG_ANALYZER_NUMBER_OBJECT_CONVERSION = YES_AGGRESSIVE;
				CLANG_CXX_LANGUAGE_STANDARD = "gnu++14";
				CLANG_CXX_LIBRARY = "libc++";
				CLANG_ENABLE_MODULES = YES;
				CLANG_ENABLE_OBJC_ARC = YES;
				CLANG_ENABLE_OBJC_WEAK = YES;
				CLANG_WARN_BLOCK_CAPTURE_AUTORELEASING = YES;
				CLANG_WARN_BOOL_CONVERSION = YES;
				CLANG_WARN_COMMA = YES;
				CLANG_WARN_CONSTANT_CONVERSION = YES;
				CLANG_WARN_DEPRECATED_OBJC_IMPLEMENTATIONS = YES;
				CLANG_WARN_DIRECT_OBJC_ISA_USAGE = YES_ERROR;
				CLANG_WARN_DOCUMENTATION_COMMENTS = YES;
				CLANG_WARN_EMPTY_BODY = YES;
				CLANG_WARN_ENUM_CONVERSION = YES;
				CLANG_WARN_INFINITE_RECURSION = YES;
				CLANG_WARN_INT_CONVERSION = YES;
				CLANG_WARN_NON_LITERAL_NULL_CONVERSION = YES;
				CLANG_WARN_OBJC_IMPLICIT_RETAIN_SELF = YES;
				CLANG_WARN_OBJC_LITERAL_CONVERSION = YES;
				CLANG_WARN_OBJC_ROOT_CLASS = YES_ERROR;
				CLANG_WARN_QUOTED_INCLUDE_IN_FRAMEWORK_HEADER = YES;
				CLANG_WARN_RANGE_LOOP_ANALYSIS = YES;
				CLANG_WARN_STRICT_PROTOTYPES = YES;
				CLANG_WARN_SUSPICIOUS_MOVE = YES;
				CLANG_WARN_UNGUARDED_AVAILABILITY = YES_AGGRESSIVE;
				CLANG_WARN_UNREACHABLE_CODE = YES;
				CLANG_WARN__DUPLICATE_METHOD_MATCH = YES;
				COPY_PHASE_STRIP = NO;
				DEBUG_INFORMATION_FORMAT = "dwarf-with-dsym";
				ENABLE_NS_ASSERTIONS = NO;
				ENABLE_STRICT_OBJC_MSGSEND = YES;
				GCC_C_LANGUAGE_STANDARD = gnu11;
				GCC_NO_COMMON_BLOCKS = YES;
				GCC_WARN_64_TO_32_BIT_CONVERSION = YES;
				GCC_WARN_ABOUT_RETURN_TYPE = YES_ERROR;
				GCC_WARN_UNDECLARED_SELECTOR = YES;
				GCC_WARN_UNINITIALIZED_AUTOS = YES_AGGRESSIVE;
				GCC_WARN_UNUSED_FUNCTION = YES;
				GCC_WARN_UNUSED_VARIABLE = YES;
				IPHONEOS_DEPLOYMENT_TARGET = 14.1;
				MTL_ENABLE_DEBUG_INFO = NO;
				MTL_FAST_MATH = YES;
				SDKROOT = iphoneos;
				SWIFT_COMPILATION_MODE = wholemodule;
				SWIFT_OPTIMIZATION_LEVEL = "-O";
				VALIDATE_PRODUCT = YES;
			};
			name = Release;
		};
		8F5ACED6272BACA6005D9653 /* Debug */ = {
			isa = XCBuildConfiguration;
			baseConfigurationReference = 8F5ACEEF272BC512005D9653 /* DebugTarget.xcconfig */;
			buildSettings = {
				ASSETCATALOG_COMPILER_APPICON_NAME = AppIcon;
				ASSETCATALOG_COMPILER_GLOBAL_ACCENT_COLOR_NAME = AccentColor;
				CODE_SIGN_IDENTITY = "iPhone Developer";
				CODE_SIGN_STYLE = Manual;
				DEVELOPMENT_TEAM = 5V2BL643LV;
				INFOPLIST_FILE = Moments/Info.plist;
				LD_RUNPATH_SEARCH_PATHS = (
					"$(inherited)",
					"@executable_path/Frameworks",
				);
				PRODUCT_BUNDLE_IDENTIFIER = com.samlaudev.cp13.moments;
				PRODUCT_NAME = "$(TARGET_NAME)";
				PROVISIONING_PROFILE_SPECIFIER = "iOS Common Beta App";
				SWIFT_VERSION = 5.0;
				TARGETED_DEVICE_FAMILY = 1;
			};
			name = Debug;
		};
		8F5ACED7272BACA6005D9653 /* Release */ = {
			isa = XCBuildConfiguration;
			baseConfigurationReference = 8F5ACEF1272BC52B005D9653 /* AppStoreTarget.xcconfig */;
			buildSettings = {
				ASSETCATALOG_COMPILER_APPICON_NAME = AppIcon;
				ASSETCATALOG_COMPILER_GLOBAL_ACCENT_COLOR_NAME = AccentColor;
				CODE_SIGN_IDENTITY = "iPhone Developer";
				CODE_SIGN_STYLE = Manual;
				DEVELOPMENT_TEAM = 5V2BL643LV;
				INFOPLIST_FILE = Moments/Info.plist;
				LD_RUNPATH_SEARCH_PATHS = (
					"$(inherited)",
					"@executable_path/Frameworks",
				);
				PRODUCT_BUNDLE_IDENTIFIER = com.samlaudev.cp13.moments;
				PRODUCT_NAME = "$(TARGET_NAME)";
				PROVISIONING_PROFILE_SPECIFIER = "iOS Common Beta App";
				SWIFT_VERSION = 5.0;
				TARGETED_DEVICE_FAMILY = 1;
			};
			name = Release;
		};
		8F5ACED9272BACA6005D9653 /* Debug */ = {
			isa = XCBuildConfiguration;
			buildSettings = {
				ALWAYS_EMBED_SWIFT_STANDARD_LIBRARIES = YES;
				BUNDLE_LOADER = "$(TEST_HOST)";
				CODE_SIGN_IDENTITY = "Apple Development";
				CODE_SIGN_STYLE = Manual;
				DEVELOPMENT_TEAM = 5V2BL643LV;
				INFOPLIST_FILE = MomentsTests/Info.plist;
				IPHONEOS_DEPLOYMENT_TARGET = 14.5;
				LD_RUNPATH_SEARCH_PATHS = (
					"$(inherited)",
					"@executable_path/Frameworks",
					"@loader_path/Frameworks",
				);
				PRODUCT_BUNDLE_IDENTIFIER = com.samlaudev.MomentsTests;
				PRODUCT_NAME = "$(TARGET_NAME)";
				PROVISIONING_PROFILE_SPECIFIER = "";
				"PROVISIONING_PROFILE_SPECIFIER[sdk=macosx*]" = "";
				SWIFT_VERSION = 5.0;
				TARGETED_DEVICE_FAMILY = "1,2";
				TEST_HOST = "$(BUILT_PRODUCTS_DIR)/Moments.app/Moments";
			};
			name = Debug;
		};
		8F5ACEDA272BACA6005D9653 /* Release */ = {
			isa = XCBuildConfiguration;
			buildSettings = {
				ALWAYS_EMBED_SWIFT_STANDARD_LIBRARIES = YES;
				BUNDLE_LOADER = "$(TEST_HOST)";
				CODE_SIGN_IDENTITY = "Apple Development";
				CODE_SIGN_STYLE = Manual;
				DEVELOPMENT_TEAM = 5V2BL643LV;
				INFOPLIST_FILE = MomentsTests/Info.plist;
				IPHONEOS_DEPLOYMENT_TARGET = 14.5;
				LD_RUNPATH_SEARCH_PATHS = (
					"$(inherited)",
					"@executable_path/Frameworks",
					"@loader_path/Frameworks",
				);
				PRODUCT_BUNDLE_IDENTIFIER = com.samlaudev.MomentsTests;
				PRODUCT_NAME = "$(TARGET_NAME)";
				PROVISIONING_PROFILE_SPECIFIER = "";
				"PROVISIONING_PROFILE_SPECIFIER[sdk=macosx*]" = "";
				SWIFT_VERSION = 5.0;
				TARGETED_DEVICE_FAMILY = "1,2";
				TEST_HOST = "$(BUILT_PRODUCTS_DIR)/Moments.app/Moments";
			};
			name = Release;
		};
		8F5ACEDC272BACA6005D9653 /* Debug */ = {
			isa = XCBuildConfiguration;
			buildSettings = {
				ALWAYS_EMBED_SWIFT_STANDARD_LIBRARIES = YES;
				CODE_SIGN_IDENTITY = "iPhone Developer";
				CODE_SIGN_STYLE = Manual;
				DEVELOPMENT_TEAM = 5V2BL643LV;
				INFOPLIST_FILE = MomentsUITests/Info.plist;
				LD_RUNPATH_SEARCH_PATHS = (
					"$(inherited)",
					"@executable_path/Frameworks",
					"@loader_path/Frameworks",
				);
				PRODUCT_BUNDLE_IDENTIFIER = com.samlaudev.MomentsUITests;
				PRODUCT_NAME = "$(TARGET_NAME)";
				PROVISIONING_PROFILE_SPECIFIER = "iOS Common Beta App";
				"PROVISIONING_PROFILE_SPECIFIER[sdk=macosx*]" = "";
				SWIFT_VERSION = 5.0;
				TARGETED_DEVICE_FAMILY = "1,2";
				TEST_TARGET_NAME = Moments;
			};
			name = Debug;
		};
		8F5ACEDD272BACA6005D9653 /* Release */ = {
			isa = XCBuildConfiguration;
			buildSettings = {
				ALWAYS_EMBED_SWIFT_STANDARD_LIBRARIES = YES;
				CODE_SIGN_IDENTITY = "iPhone Developer";
				CODE_SIGN_STYLE = Manual;
				DEVELOPMENT_TEAM = 5V2BL643LV;
				INFOPLIST_FILE = MomentsUITests/Info.plist;
				LD_RUNPATH_SEARCH_PATHS = (
					"$(inherited)",
					"@executable_path/Frameworks",
					"@loader_path/Frameworks",
				);
				PRODUCT_BUNDLE_IDENTIFIER = com.samlaudev.MomentsUITests;
				PRODUCT_NAME = "$(TARGET_NAME)";
				PROVISIONING_PROFILE_SPECIFIER = "iOS Common Beta App";
				"PROVISIONING_PROFILE_SPECIFIER[sdk=macosx*]" = "";
				SWIFT_VERSION = 5.0;
				TARGETED_DEVICE_FAMILY = "1,2";
				TEST_TARGET_NAME = Moments;
			};
			name = Release;
		};
		8F5ACEDE272BC2ED005D9653 /* Internal */ = {
			isa = XCBuildConfiguration;
			baseConfigurationReference = 8F5ACEEC272BC48C005D9653 /* InternalProject.xcconfig */;
			buildSettings = {
				ALWAYS_SEARCH_USER_PATHS = NO;
				CLANG_ANALYZER_NONNULL = YES;
				CLANG_ANALYZER_NUMBER_OBJECT_CONVERSION = YES_AGGRESSIVE;
				CLANG_CXX_LANGUAGE_STANDARD = "gnu++14";
				CLANG_CXX_LIBRARY = "libc++";
				CLANG_ENABLE_MODULES = YES;
				CLANG_ENABLE_OBJC_ARC = YES;
				CLANG_ENABLE_OBJC_WEAK = YES;
				CLANG_WARN_BLOCK_CAPTURE_AUTORELEASING = YES;
				CLANG_WARN_BOOL_CONVERSION = YES;
				CLANG_WARN_COMMA = YES;
				CLANG_WARN_CONSTANT_CONVERSION = YES;
				CLANG_WARN_DEPRECATED_OBJC_IMPLEMENTATIONS = YES;
				CLANG_WARN_DIRECT_OBJC_ISA_USAGE = YES_ERROR;
				CLANG_WARN_DOCUMENTATION_COMMENTS = YES;
				CLANG_WARN_EMPTY_BODY = YES;
				CLANG_WARN_ENUM_CONVERSION = YES;
				CLANG_WARN_INFINITE_RECURSION = YES;
				CLANG_WARN_INT_CONVERSION = YES;
				CLANG_WARN_NON_LITERAL_NULL_CONVERSION = YES;
				CLANG_WARN_OBJC_IMPLICIT_RETAIN_SELF = YES;
				CLANG_WARN_OBJC_LITERAL_CONVERSION = YES;
				CLANG_WARN_OBJC_ROOT_CLASS = YES_ERROR;
				CLANG_WARN_QUOTED_INCLUDE_IN_FRAMEWORK_HEADER = YES;
				CLANG_WARN_RANGE_LOOP_ANALYSIS = YES;
				CLANG_WARN_STRICT_PROTOTYPES = YES;
				CLANG_WARN_SUSPICIOUS_MOVE = YES;
				CLANG_WARN_UNGUARDED_AVAILABILITY = YES_AGGRESSIVE;
				CLANG_WARN_UNREACHABLE_CODE = YES;
				CLANG_WARN__DUPLICATE_METHOD_MATCH = YES;
				COPY_PHASE_STRIP = NO;
				DEBUG_INFORMATION_FORMAT = "dwarf-with-dsym";
				ENABLE_NS_ASSERTIONS = NO;
				ENABLE_STRICT_OBJC_MSGSEND = YES;
				GCC_C_LANGUAGE_STANDARD = gnu11;
				GCC_NO_COMMON_BLOCKS = YES;
				GCC_WARN_64_TO_32_BIT_CONVERSION = YES;
				GCC_WARN_ABOUT_RETURN_TYPE = YES_ERROR;
				GCC_WARN_UNDECLARED_SELECTOR = YES;
				GCC_WARN_UNINITIALIZED_AUTOS = YES_AGGRESSIVE;
				GCC_WARN_UNUSED_FUNCTION = YES;
				GCC_WARN_UNUSED_VARIABLE = YES;
				IPHONEOS_DEPLOYMENT_TARGET = 14.1;
				MTL_ENABLE_DEBUG_INFO = NO;
				MTL_FAST_MATH = YES;
				SDKROOT = iphoneos;
				SWIFT_COMPILATION_MODE = wholemodule;
				SWIFT_OPTIMIZATION_LEVEL = "-O";
				VALIDATE_PRODUCT = YES;
			};
			name = Internal;
		};
		8F5ACEDF272BC2ED005D9653 /* Internal */ = {
			isa = XCBuildConfiguration;
			baseConfigurationReference = 8F5ACEF0272BC51F005D9653 /* InternalTarget.xcconfig */;
			buildSettings = {
				ASSETCATALOG_COMPILER_APPICON_NAME = AppIcon;
				ASSETCATALOG_COMPILER_GLOBAL_ACCENT_COLOR_NAME = AccentColor;
				CODE_SIGN_IDENTITY = "iPhone Developer";
				CODE_SIGN_STYLE = Manual;
				DEVELOPMENT_TEAM = 5V2BL643LV;
				INFOPLIST_FILE = Moments/Info.plist;
				LD_RUNPATH_SEARCH_PATHS = (
					"$(inherited)",
					"@executable_path/Frameworks",
				);
				PRODUCT_BUNDLE_IDENTIFIER = com.samlaudev.cp13.moments;
				PRODUCT_NAME = "$(TARGET_NAME)";
				PROVISIONING_PROFILE_SPECIFIER = "iOS Common Beta App";
				SWIFT_VERSION = 5.0;
				TARGETED_DEVICE_FAMILY = 1;
			};
			name = Internal;
		};
		8F5ACEE0272BC2ED005D9653 /* Internal */ = {
			isa = XCBuildConfiguration;
			buildSettings = {
				ALWAYS_EMBED_SWIFT_STANDARD_LIBRARIES = YES;
				BUNDLE_LOADER = "$(TEST_HOST)";
				CODE_SIGN_IDENTITY = "Apple Development";
				CODE_SIGN_STYLE = Manual;
				DEVELOPMENT_TEAM = 5V2BL643LV;
				INFOPLIST_FILE = MomentsTests/Info.plist;
				IPHONEOS_DEPLOYMENT_TARGET = 14.5;
				LD_RUNPATH_SEARCH_PATHS = (
					"$(inherited)",
					"@executable_path/Frameworks",
					"@loader_path/Frameworks",
				);
				PRODUCT_BUNDLE_IDENTIFIER = com.samlaudev.MomentsTests;
				PRODUCT_NAME = "$(TARGET_NAME)";
				PROVISIONING_PROFILE_SPECIFIER = "";
				"PROVISIONING_PROFILE_SPECIFIER[sdk=macosx*]" = "";
				SWIFT_VERSION = 5.0;
				TARGETED_DEVICE_FAMILY = "1,2";
				TEST_HOST = "$(BUILT_PRODUCTS_DIR)/Moments.app/Moments";
			};
			name = Internal;
		};
		8F5ACEE1272BC2ED005D9653 /* Internal */ = {
			isa = XCBuildConfiguration;
			buildSettings = {
				ALWAYS_EMBED_SWIFT_STANDARD_LIBRARIES = YES;
				CODE_SIGN_IDENTITY = "iPhone Developer";
				CODE_SIGN_STYLE = Manual;
				DEVELOPMENT_TEAM = 5V2BL643LV;
				INFOPLIST_FILE = MomentsUITests/Info.plist;
				LD_RUNPATH_SEARCH_PATHS = (
					"$(inherited)",
					"@executable_path/Frameworks",
					"@loader_path/Frameworks",
				);
				PRODUCT_BUNDLE_IDENTIFIER = com.samlaudev.MomentsUITests;
				PRODUCT_NAME = "$(TARGET_NAME)";
				PROVISIONING_PROFILE_SPECIFIER = "iOS Common Beta App";
				"PROVISIONING_PROFILE_SPECIFIER[sdk=macosx*]" = "";
				SWIFT_VERSION = 5.0;
				TARGETED_DEVICE_FAMILY = "1,2";
				TEST_TARGET_NAME = Moments;
			};
			name = Internal;
		};
/* End XCBuildConfiguration section */

/* Begin XCConfigurationList section */
		8F5ACEA6272BACA5005D9653 /* Build configuration list for PBXProject "Moments" */ = {
			isa = XCConfigurationList;
			buildConfigurations = (
				8F5ACED3272BACA6005D9653 /* Debug */,
				8F5ACED4272BACA6005D9653 /* Release */,
				8F5ACEDE272BC2ED005D9653 /* Internal */,
			);
			defaultConfigurationIsVisible = 0;
			defaultConfigurationName = Debug;
		};
		8F5ACED5272BACA6005D9653 /* Build configuration list for PBXNativeTarget "Moments" */ = {
			isa = XCConfigurationList;
			buildConfigurations = (
				8F5ACED6272BACA6005D9653 /* Debug */,
				8F5ACED7272BACA6005D9653 /* Release */,
				8F5ACEDF272BC2ED005D9653 /* Internal */,
			);
			defaultConfigurationIsVisible = 0;
			defaultConfigurationName = Debug;
		};
		8F5ACED8272BACA6005D9653 /* Build configuration list for PBXNativeTarget "MomentsTests" */ = {
			isa = XCConfigurationList;
			buildConfigurations = (
				8F5ACED9272BACA6005D9653 /* Debug */,
				8F5ACEDA272BACA6005D9653 /* Release */,
				8F5ACEE0272BC2ED005D9653 /* Internal */,
			);
			defaultConfigurationIsVisible = 0;
			defaultConfigurationName = Debug;
		};
		8F5ACEDB272BACA6005D9653 /* Build configuration list for PBXNativeTarget "MomentsUITests" */ = {
			isa = XCConfigurationList;
			buildConfigurations = (
				8F5ACEDC272BACA6005D9653 /* Debug */,
				8F5ACEDD272BACA6005D9653 /* Release */,
				8F5ACEE1272BC2ED005D9653 /* Internal */,
			);
			defaultConfigurationIsVisible = 0;
			defaultConfigurationName = Debug;
		};
/* End XCConfigurationList section */
	};
	rootObject = 8F5ACEA3272BACA5005D9653 /* Project object */;
}
